
Microsoft Visual Studio Solution File, Format Version 12.00
# Visual Studio Version 16
VisualStudioVersion = 16.0.32630.194
MinimumVisualStudioVersion = 10.0.40219.1
Project("{FAE04EC0-301F-11D3-BF4B-00C04F79EFBC}") = "XML Data Reader", "XML Data Reader.csproj", "{E10184B7-C990-4CCB-8D4C-F56AF0702F65}"
EndProject
Global
	GlobalSection(SolutionConfigurationPlatforms) = preSolution
		Debug|Any CPU = Debug|Any CPU
		Release|Any CPU = Release|Any CPU
	EndGlobalSection
	GlobalSection(ProjectConfigurationPlatforms) = postSolution
		{E10184B7-C990-4CCB-8D4C-F56AF0702F65}.Debug|Any CPU.ActiveCfg = Release|Any CPU
		{E10184B7-C990-4CCB-8D4C-F56AF0702F65}.Debug|Any CPU.Build.0 = Release|Any CPU
		{E10184B7-C990-4CCB-8D4C-F56AF0702F65}.Release|Any CPU.ActiveCfg = Release|Any CPU
		{E10184B7-C990-4CCB-8D4C-F56AF0702F65}.Release|Any CPU.Build.0 = Release|Any CPU
	EndGlobalSection
	GlobalSection(SolutionProperties) = preSolution
		HideSolutionNode = FALSE
	EndGlobalSection
	GlobalSection(ExtensibilityGlobals) = postSolution
		SolutionGuid = {C2D57B1A-A90C-47FA-86A6-AF7A80585107}
	EndGlobalSection
EndGlobal
